DEPENDENCIES
  barito-flow
    git: https://github.com/BaritoLog/barito-flow-cookbook.git
    revision: a592b07d87b37fcac95ba76306e817d28758050b
  chef_gate
    git: https://github.com/gate-sso/chef_gate.git
    revision: c41bc02d0465e2595a9fa244ccd4c68d1feb17ed
  consul
    git: https://github.com/BaritoLog/consul-cookbook.git
    revision: d17dcb9392475344c40323f81595d7b7ad29d0c9
  elasticsearch_wrapper_cookbook
    git: https://github.com/BaritoLog/elasticsearchwrapper_cookbook.git
    revision: 73585b3b56fdf950f222b6f27119c59c83e7960f
  kafka
    git: https://github.com/BaritoLog/kafka-cookbook.git
    revision: 35dfb638cd31a5d91c8b79c775f395f48e6de944
  kibana_wrapper_cookbook
    git: https://github.com/BaritoLog/kibana_wrapper_cookbook.git
    revision: 2128b24fd6bbd7b58e4341d9715d2b8a7af19052
  zookeeper
    git: https://github.com/BaritoLog/zookeeper-cookbook.git
    revision: 54a8e86a4076c5a2ac3bac543d22b45ef8ff7571

GRAPH
  apt (7.1.0)
  ark (4.0.0)
    build-essential (>= 0.0.0)
    seven_zip (>= 0.0.0)
  barito-flow (0.1.0)
    ark (>= 0.0.0)
    consul (>= 0.0.0)
  build-essential (8.2.1)
    mingw (>= 1.1)
    seven_zip (>= 0.0.0)
  chef-sugar (4.1.0)
  chef_gate (0.4.7)
    apt (>= 0.0.0)
  consul (0.1.0)
    ark (>= 0.0.0)
  elasticsearch (4.0.2)
    apt (>= 0.0.0)
    ark (>= 0.0.0)
    chef-sugar (>= 0.0.0)
    yum (>= 0.0.0)
  elasticsearch_wrapper_cookbook (0.1.0)
    elasticsearch (>= 0.0.0)
    java (>= 0.0.0)
  homebrew (5.0.5)
  java (2.2.0)
    homebrew (>= 0.0.0)
    windows (>= 0.0.0)
  kafka (0.1.0)
  kibana5 (1.6.1)
    ark (>= 0.0.0)
    systemd (>= 0.0.0)
  kibana_wrapper_cookbook (0.1.0)
    kibana5 (>= 0.0.0)
    systemd (>= 0.0.0)
  mingw (2.1.0)
    seven_zip (>= 0.0.0)
  seven_zip (3.0.0)
    windows (>= 0.0.0)
  systemd (3.2.3)
  windows (5.1.1)
  yum (5.1.0)
  zookeeper (0.1.0)
    ark (>= 0.0.0)
    consul (>= 0.0.0)
