DEPENDENCIES
  barito-flow
    git: https://github.com/BaritoLog/barito-flow-cookbook.git
    revision: e26ca4c320e6952a87ffbf7c47f5111c4defe6fe
  barito_market
    git: https://github.com/BaritoLog/barito-market-cookbook
    revision: cd5d509fd97887170e91e5f78e3bc8d5147f5e61
  chef_gate
    git: https://github.com/gate-sso/chef_gate.git
    revision: 34117b452423cc1c4f29e8e4111fd5db13a1eb5b
  consul
    git: https://github.com/BaritoLog/consul-cookbook.git
    revision: 1107ab5a1b71b0711188feb515e3f315db13c031
  datadog
    git: https://github.com/BaritoLog/datadog-cookbook.git
    revision: 82c33f053b3d5578cd40d7ceb7554ee76f346e28
  elasticsearch_wrapper_cookbook
    git: https://github.com/BaritoLog/elasticsearchwrapper_cookbook.git
    revision: fe1724d6a11072845e52487acd68e8c0dcf0902b
  kafka
    git: https://github.com/BaritoLog/kafka-cookbook.git
    revision: d26a80d1a06a3f32ce7bcb9e5fc4145fb75f716f
  kibana
    git: https://github.com/BaritoLog/kibana_cookbook.git
    revision: 3349d4bc4a8b961129b22dee9ce62df11a1f78b1
  kibana_wrapper_cookbook
    git: https://github.com/BaritoLog/kibana_wrapper_cookbook.git
    revision: 2248e31ae1ab9afb3b08b5148ec3e7021ebb0ade
  prometheus
    git: https://github.com/BaritoLog/prometheus-cookbook.git
    revision: 4aabfde2ba16e50cc45eb7446102d8a4e777718f
  zookeeper
    git: https://github.com/BaritoLog/zookeeper-cookbook.git
    revision: 06f31616103fff0203aa3ab87e15861bb1ddd4e7

GRAPH
  apt (7.4.0)
  ark (3.1.1)
    build-essential (>= 0.0.0)
    seven_zip (>= 0.0.0)
  barito-flow (0.12.1)
    ark (>= 0.0.0)
    consul (>= 0.0.0)
  barito_market (0.2.0)
    tar (>= 0.0.0)
    zipfile (>= 0.0.0)
  build-essential (8.2.1)
    mingw (>= 1.1)
    seven_zip (>= 0.0.0)
  chef-sugar (5.1.12)
  chef_gate (0.4.8)
    apt (>= 0.0.0)
  chocolatey (3.0.0)
  consul (1.1.0)
    ark (>= 0.0.0)
  cron (6.2.2)
  datadog (0.1.0)
  elasticsearch (4.3.0)
    apt (>= 0.0.0)
    ark (>= 0.0.0)
    chef-sugar (>= 0.0.0)
    yum (>= 0.0.0)
  elasticsearch_wrapper_cookbook (7.5.3)
    ark (>= 0.0.0)
    elasticsearch (>= 0.0.0)
    java (>= 0.0.0)
  hostsfile (3.0.1)
  java (8.6.0)
    line (>= 0.0.0)
  kafka (2.11.0)
    hostsfile (>= 0.0.0)
    zookeeper (>= 0.0.0)
  kibana (7.6.0)
    ark (>= 0.0.0)
    nodejs (>= 0.0.0)
    systemd (>= 0.0.0)
  kibana5 (1.6.7)
    ark (>= 0.0.0)
    systemd (>= 0.0.0)
  kibana_wrapper_cookbook (6.3.1)
    kibana5 (>= 0.0.0)
    systemd (>= 0.0.0)
  line (2.9.3)
  logrotate (2.2.3)
  mingw (2.1.1)
    seven_zip (>= 0.0.0)
  nodejs (7.3.1)
    ark (>= 2.0.2)
    chocolatey (>= 3.0)
  prometheus (0.4.4)
    ark (~> 3.1)
    cron (~> 6.2.1)
    logrotate (~> 2.2.0)
  seven_zip (3.2.0)
    windows (>= 0.0.0)
  systemd (3.2.4)
  tar (2.2.0)
  windows (7.0.2)
  yum (6.0.0)
  zipfile (0.2.0)
  zookeeper (3.4.12)
    ark (>= 0.0.0)
    consul (>= 0.0.0)
    hostsfile (>= 0.0.0)
